
Microsoft Visual Studio Solution File, Format Version 12.00
# Visual Studio 15
VisualStudioVersion = 15.0.28307.1267
MinimumVisualStudioVersion = 10.0.40219.1
Project("{9A19103F-16F7-4668-BE54-9A1E7A4F7556}") = "batuaShop", "WebApplication2\batuaShop.csproj", "{39A0A634-4B33-4E16-AEAD-64BE94466DA1}"
EndProject
Global
	GlobalSection(SolutionConfigurationPlatforms) = preSolution
		Debug|Any CPU = Debug|Any CPU
		Release|Any CPU = Release|Any CPU
	EndGlobalSection
	GlobalSection(ProjectConfigurationPlatforms) = postSolution
		{39A0A634-4B33-4E16-AEAD-64BE94466DA1}.Debug|Any CPU.ActiveCfg = Debug|Any CPU
		{39A0A634-4B33-4E16-AEAD-64BE94466DA1}.Debug|Any CPU.Build.0 = Debug|Any CPU
		{39A0A634-4B33-4E16-AEAD-64BE94466DA1}.Release|Any CPU.ActiveCfg = Release|Any CPU
		{39A0A634-4B33-4E16-AEAD-64BE94466DA1}.Release|Any CPU.Build.0 = Release|Any CPU
	EndGlobalSection
	GlobalSection(SolutionProperties) = preSolution
		HideSolutionNode = FALSE
	EndGlobalSection
	GlobalSection(ExtensibilityGlobals) = postSolution
		SolutionGuid = {D2678086-7304-4823-B03C-ABE2DA82A777}
	EndGlobalSection
EndGlobal
